
Microsoft Visual Studio Solution File, Format Version 12.00
# Visual Studio Version 17
VisualStudioVersion = 17.5.33627.172
MinimumVisualStudioVersion = 10.0.40219.1
Project("{FAE04EC0-301F-11D3-BF4B-00C04F79EFBC}") = "AgendaElectronica", "AgendaElectronica\AgendaElectronica.csproj", "{50FA0341-6D07-439B-86B0-4F9A1BCD07C2}"
EndProject
Global
	GlobalSection(SolutionConfigurationPlatforms) = preSolution
		Debug|Any CPU = Debug|Any CPU
		Release|Any CPU = Release|Any CPU
	EndGlobalSection
	GlobalSection(ProjectConfigurationPlatforms) = postSolution
		{50FA0341-6D07-439B-86B0-4F9A1BCD07C2}.Debug|Any CPU.ActiveCfg = Debug|Any CPU
		{50FA0341-6D07-439B-86B0-4F9A1BCD07C2}.Debug|Any CPU.Build.0 = Debug|Any CPU
		{50FA0341-6D07-439B-86B0-4F9A1BCD07C2}.Release|Any CPU.ActiveCfg = Release|Any CPU
		{50FA0341-6D07-439B-86B0-4F9A1BCD07C2}.Release|Any CPU.Build.0 = Release|Any CPU
	EndGlobalSection
	GlobalSection(SolutionProperties) = preSolution
		HideSolutionNode = FALSE
	EndGlobalSection
	GlobalSection(ExtensibilityGlobals) = postSolution
		SolutionGuid = {31D67B86-FBD3-4B6F-B6BA-6722CF60B8FC}
	EndGlobalSection
EndGlobal
